// !$*UTF8*$!
{
	archiveVersion = 1;
	classes = {
	};
	objectVersion = 46;
	objects = {

/* Begin PBXBuildFile section */
		914984B21E9A971E00DF9A9F /* HoToPlayViewController.swift in Sources */ = {isa = PBXBuildFile; fileRef = 914984B11E9A971E00DF9A9F /* HoToPlayViewController.swift */; };
		918672991E9BAA3900B8A022 /* HoToPlay2ViewController.swift in Sources */ = {isa = PBXBuildFile; fileRef = 918672981E9BAA3900B8A022 /* HoToPlay2ViewController.swift */; };
		918672A11E9BB6DE00B8A022 /* Notes in Resources */ = {isa = PBXBuildFile; fileRef = 918672A01E9BB6DE00B8A022 /* Notes */; };
		91DB19B81E99F63800736DC3 /* AppDelegate.swift in Sources */ = {isa = PBXBuildFile; fileRef = 91DB19B71E99F63800736DC3 /* AppDelegate.swift */; };
		91DB19BA1E99F63800736DC3 /* ViewController.swift in Sources */ = {isa = PBXBuildFile; fileRef = 91DB19B91E99F63800736DC3 /* ViewController.swift */; };
		91DB19BD1E99F63800736DC3 /* Main.storyboard in Resources */ = {isa = PBXBuildFile; fileRef = 91DB19BB1E99F63800736DC3 /* Main.storyboard */; };
		91DB19BF1E99F63800736DC3 /* Assets.xcassets in Resources */ = {isa = PBXBuildFile; fileRef = 91DB19BE1E99F63800736DC3 /* Assets.xcassets */; };
/* End PBXBuildFile section */

/* Begin PBXFileReference section */
		914984B11E9A971E00DF9A9F /* HoToPlayViewController.swift */ = {isa = PBXFileReference; fileEncoding = 4; lastKnownFileType = sourcecode.swift; path = HoToPlayViewController.swift; sourceTree = "<group>"; };
		918672981E9BAA3900B8A022 /* HoToPlay2ViewController.swift */ = {isa = PBXFileReference; fileEncoding = 4; lastKnownFileType = sourcecode.swift; path = HoToPlay2ViewController.swift; sourceTree = "<group>"; };
		918672A01E9BB6DE00B8A022 /* Notes */ = {isa = PBXFileReference; fileEncoding = 4; lastKnownFileType = text; path = Notes; sourceTree = "<group>"; };
		91DB19B41E99F63800736DC3 /* A_BullsEye.app */ = {isa = PBXFileReference; explicitFileType = wrapper.application; includeInIndex = 0; path = A_BullsEye.app; sourceTree = BUILT_PRODUCTS_DIR; };
		91DB19B71E99F63800736DC3 /* AppDelegate.swift */ = {isa = PBXFileReference; lastKnownFileType = sourcecode.swift; path = AppDelegate.swift; sourceTree = "<group>"; };
		91DB19B91E99F63800736DC3 /* ViewController.swift */ = {isa = PBXFileReference; lastKnownFileType = sourcecode.swift; path = ViewController.swift; sourceTree = "<group>"; };
		91DB19BC1E99F63800736DC3 /* Base */ = {isa = PBXFileReference; lastKnownFileType = file.storyboard; name = Base; path = Base.lproj/Main.storyboard; sourceTree = "<group>"; };
		91DB19BE1E99F63800736DC3 /* Assets.xcassets */ = {isa = PBXFileReference; lastKnownFileType = folder.assetcatalog; path = Assets.xcassets; sourceTree = "<group>"; };
		91DB19C31E99F63800736DC3 /* Info.plist */ = {isa = PBXFileReference; lastKnownFileType = text.plist.xml; path = Info.plist; sourceTree = "<group>"; };
/* End PBXFileReference section */

/* Begin PBXFrameworksBuildPhase section */
		91DB19B11E99F63800736DC3 /* Frameworks */ = {
			isa = PBXFrameworksBuildPhase;
			buildActionMask = 2147483647;
			files = (
			);
			runOnlyForDeploymentPostprocessing = 0;
		};
/* End PBXFrameworksBuildPhase section */

/* Begin PBXGroup section */
		91DB19AB1E99F63800736DC3 = {
			isa = PBXGroup;
			children = (
				91DB19B61E99F63800736DC3 /* A_BullsEye */,
				91DB19B51E99F63800736DC3 /* Products */,
			);
			sourceTree = "<group>";
		};
		91DB19B51E99F63800736DC3 /* Products */ = {
			isa = PBXGroup;
			children = (
				91DB19B41E99F63800736DC3 /* A_BullsEye.app */,
			);
			name = Products;
			sourceTree = "<group>";
		};
		91DB19B61E99F63800736DC3 /* A_BullsEye */ = {
			isa = PBXGroup;
			children = (
				91DB19B71E99F63800736DC3 /* AppDelegate.swift */,
				91DB19B91E99F63800736DC3 /* ViewController.swift */,
				914984B11E9A971E00DF9A9F /* HoToPlayViewController.swift */,
				918672981E9BAA3900B8A022 /* HoToPlay2ViewController.swift */,
				91DB19BB1E99F63800736DC3 /* Main.storyboard */,
				91DB19BE1E99F63800736DC3 /* Assets.xcassets */,
				91DB19C31E99F63800736DC3 /* Info.plist */,
				918672A01E9BB6DE00B8A022 /* Notes */,
			);
			path = A_BullsEye;
			sourceTree = "<group>";
		};
/* End PBXGroup section */

/* Begin PBXNativeTarget section */
		91DB19B31E99F63800736DC3 /* A_BullsEye */ = {
			isa = PBXNativeTarget;
			buildConfigurationList = 91DB19C61E99F63800736DC3 /* Build configuration list for PBXNativeTarget "A_BullsEye" */;
			buildPhases = (
				91DB19B01E99F63800736DC3 /* Sources */,
				91DB19B11E99F63800736DC3 /* Frameworks */,
				91DB19B21E99F63800736DC3 /* Resources */,
			);
			buildRules = (
			);
			dependencies = (
			);
			name = A_BullsEye;
			productName = A_BullsEye;
			productReference = 91DB19B41E99F63800736DC3 /* A_BullsEye.app */;
			productType = "com.apple.product-type.application";
		};
/* End PBXNativeTarget section */

/* Begin PBXProject section */
		91DB19AC1E99F63800736DC3 /* Project object */ = {
			isa = PBXProject;
			attributes = {
				LastSwiftUpdateCheck = 0820;
				LastUpgradeCheck = 0820;
				ORGANIZATIONNAME = "Kam Lotfull";
				TargetAttributes = {
					91DB19B31E99F63800736DC3 = {
						CreatedOnToolsVersion = 8.2.1;
						DevelopmentTeam = 6YN2YGXZUM;
						ProvisioningStyle = Automatic;
					};
				};
			};
			buildConfigurationList = 91DB19AF1E99F63800736DC3 /* Build configuration list for PBXProject "A_BullsEye" */;
			compatibilityVersion = "Xcode 3.2";
			developmentRegion = English;
			hasScannedForEncodings = 0;
			knownRegions = (
				en,
				Base,
			);
			mainGroup = 91DB19AB1E99F63800736DC3;
			productRefGroup = 91DB19B51E99F63800736DC3 /* Products */;
			projectDirPath = "";
			projectRoot = "";
			targets = (
				91DB19B31E99F63800736DC3 /* A_BullsEye */,
			);
		};
/* End PBXProject section */

/* Begin PBXResourcesBuildPhase section */
		91DB19B21E99F63800736DC3 /* Resources */ = {
			isa = PBXResourcesBuildPhase;
			buildActionMask = 2147483647;
			files = (
				918672A11E9BB6DE00B8A022 /* Notes in Resources */,
				91DB19BF1E99F63800736DC3 /* Assets.xcassets in Resources */,
				91DB19BD1E99F63800736DC3 /* Main.storyboard in Resources */,
			);
			runOnlyForDeploymentPostprocessing = 0;
		};
/* End PBXResourcesBuildPhase section */

/* Begin PBXSourcesBuildPhase section */
		91DB19B01E99F63800736DC3 /* Sources */ = {
			isa = PBXSourcesBuildPhase;
			buildActionMask = 2147483647;
			files = (
				914984B21E9A971E00DF9A9F /* HoToPlayViewController.swift in Sources */,
				918672991E9BAA3900B8A022 /* HoToPlay2ViewController.swift in Sources */,
				91DB19BA1E99F63800736DC3 /* ViewController.swift in Sources */,
				91DB19B81E99F63800736DC3 /* AppDelegate.swift in Sources */,
			);
			runOnlyForDeploymentPostprocessing = 0;
		};
/* End PBXSourcesBuildPhase section */

/* Begin PBXVariantGroup section */
		91DB19BB1E99F63800736DC3 /* Main.storyboard */ = {
			isa = PBXVariantGroup;
			children = (
				91DB19BC1E99F63800736DC3 /* Base */,
			);
			name = Main.storyboard;
			sourceTree = "<group>";
		};
/* End PBXVariantGroup section */

/* Begin XCBuildConfiguration section */
		91DB19C41E99F63800736DC3 /* Debug */ = {
			isa = XCBuildConfiguration;
			buildSettings = {
				ALWAYS_SEARCH_USER_PATHS = NO;
				CLANG_ANALYZER_NONNULL = YES;
				CLANG_CXX_LANGUAGE_STANDARD = "gnu++0x";
				CLANG_CXX_LIBRARY = "libc++";
				CLANG_ENABLE_MODULES = YES;
				CLANG_ENABLE_OBJC_ARC = YES;
				CLANG_WARN_BOOL_CONVERSION = YES;
				CLANG_WARN_CONSTANT_CONVERSION = YES;
				CLANG_WARN_DIRECT_OBJC_ISA_USAGE = YES_ERROR;
				CLANG_WARN_DOCUMENTATION_COMMENTS = YES;
				CLANG_WARN_EMPTY_BODY = YES;
				CLANG_WARN_ENUM_CONVERSION = YES;
				CLANG_WARN_INFINITE_RECURSION = YES;
				CLANG_WARN_INT_CONVERSION = YES;
				CLANG_WARN_OBJC_ROOT_CLASS = YES_ERROR;
				CLANG_WARN_SUSPICIOUS_MOVE = YES;
				CLANG_WARN_UNREACHABLE_CODE = YES;
				CLANG_WARN__DUPLICATE_METHOD_MATCH = YES;
				"CODE_SIGN_IDENTITY[sdk=iphoneos*]" = "iPhone Developer";
				COPY_PHASE_STRIP = NO;
				DEBUG_INFORMATION_FORMAT = dwarf;
				ENABLE_STRICT_OBJC_MSGSEND = YES;
				ENABLE_TESTABILITY = YES;
				GCC_C_LANGUAGE_STANDARD = gnu99;
				GCC_DYNAMIC_NO_PIC = NO;
				GCC_NO_COMMON_BLOCKS = YES;
				GCC_OPTIMIZATION_LEVEL = 0;
				GCC_PREPROCESSOR_DEFINITIONS = (
					"DEBUG=1",
					"$(inherited)",
				);
				GCC_WARN_64_TO_32_BIT_CONVERSION = YES;
				GCC_WARN_ABOUT_RETURN_TYPE = YES_ERROR;
				GCC_WARN_UNDECLARED_SELECTOR = YES;
				GCC_WARN_UNINITIALIZED_AUTOS = YES_AGGRESSIVE;
				GCC_WARN_UNUSED_FUNCTION = YES;
				GCC_WARN_UNUSED_VARIABLE = YES;
				IPHONEOS_DEPLOYMENT_TARGET = 10.2;
				MTL_ENABLE_DEBUG_INFO = YES;
				ONLY_ACTIVE_ARCH = YES;
				SDKROOT = iphoneos;
				SWIFT_ACTIVE_COMPILATION_CONDITIONS = DEBUG;
				SWIFT_OPTIMIZATION_LEVEL = "-Onone";
			};
			name = Debug;
		};
		91DB19C51E99F63800736DC3 /* Release */ = {
			isa = XCBuildConfiguration;
			buildSettings = {
				ALWAYS_SEARCH_USER_PATHS = NO;
				CLANG_ANALYZER_NONNULL = YES;
				CLANG_CXX_LANGUAGE_STANDARD = "gnu++0x";
				CLANG_CXX_LIBRARY = "libc++";
				CLANG_ENABLE_MODULES = YES;
				CLANG_ENABLE_OBJC_ARC = YES;
				CLANG_WARN_BOOL_CONVERSION = YES;
				CLANG_WARN_CONSTANT_CONVERSION = YES;
				CLANG_WARN_DIRECT_OBJC_ISA_USAGE = YES_ERROR;
				CLANG_WARN_DOCUMENTATION_COMMENTS = YES;
				CLANG_WARN_EMPTY_BODY = YES;
				CLANG_WARN_ENUM_CONVERSION = YES;
				CLANG_WARN_INFINITE_RECURSION = YES;
				CLANG_WARN_INT_CONVERSION = YES;
				CLANG_WARN_OBJC_ROOT_CLASS = YES_ERROR;
				CLANG_WARN_SUSPICIOUS_MOVE = YES;
				CLANG_WARN_UNREACHABLE_CODE = YES;
				CLANG_WARN__DUPLICATE_METHOD_MATCH = YES;
				"CODE_SIGN_IDENTITY[sdk=iphoneos*]" = "iPhone Developer";
				COPY_PHASE_STRIP = NO;
				DEBUG_INFORMATION_FORMAT = "dwarf-with-dsym";
				ENABLE_NS_ASSERTIONS = NO;
				ENABLE_STRICT_OBJC_MSGSEND = YES;
				GCC_C_LANGUAGE_STANDARD = gnu99;
				GCC_NO_COMMON_BLOCKS = YES;
				GCC_WARN_64_TO_32_BIT_CONVERSION = YES;
				GCC_WARN_ABOUT_RETURN_TYPE = YES_ERROR;
				GCC_WARN_UNDECLARED_SELECTOR = YES;
				GCC_WARN_UNINITIALIZED_AUTOS = YES_AGGRESSIVE;
				GCC_WARN_UNUSED_FUNCTION = YES;
				GCC_WARN_UNUSED_VARIABLE = YES;
				IPHONEOS_DEPLOYMENT_TARGET = 10.2;
				MTL_ENABLE_DEBUG_INFO = NO;
				SDKROOT = iphoneos;
				SWIFT_OPTIMIZATION_LEVEL = "-Owholemodule";
				VALIDATE_PRODUCT = YES;
			};
			name = Release;
		};
		91DB19C71E99F63800736DC3 /* Debug */ = {
			isa = XCBuildConfiguration;
			buildSettings = {
				ASSETCATALOG_COMPILER_APPICON_NAME = AppIcon;
				DEVELOPMENT_TEAM = 6YN2YGXZUM;
				INFOPLIST_FILE = A_BullsEye/Info.plist;
				LD_RUNPATH_SEARCH_PATHS = "$(inherited) @executable_path/Frameworks";
				PRODUCT_BUNDLE_IDENTIFIER = "Lotfull.A-BullsEye";
				PRODUCT_NAME = "$(TARGET_NAME)";
				SWIFT_VERSION = 3.0;
			};
			name = Debug;
		};
		91DB19C81E99F63800736DC3 /* Release */ = {
			isa = XCBuildConfiguration;
			buildSettings = {
				ASSETCATALOG_COMPILER_APPICON_NAME = AppIcon;
				DEVELOPMENT_TEAM = 6YN2YGXZUM;
				INFOPLIST_FILE = A_BullsEye/Info.plist;
				LD_RUNPATH_SEARCH_PATHS = "$(inherited) @executable_path/Frameworks";
				PRODUCT_BUNDLE_IDENTIFIER = "Lotfull.A-BullsEye";
				PRODUCT_NAME = "$(TARGET_NAME)";
				SWIFT_VERSION = 3.0;
			};
			name = Release;
		};
/* End XCBuildConfiguration section */

/* Begin XCConfigurationList section */
		91DB19AF1E99F63800736DC3 /* Build configuration list for PBXProject "A_BullsEye" */ = {
			isa = XCConfigurationList;
			buildConfigurations = (
				91DB19C41E99F63800736DC3 /* Debug */,
				91DB19C51E99F63800736DC3 /* Release */,
			);
			defaultConfigurationIsVisible = 0;
			defaultConfigurationName = Release;
		};
		91DB19C61E99F63800736DC3 /* Build configuration list for PBXNativeTarget "A_BullsEye" */ = {
			isa = XCConfigurationList;
			buildConfigurations = (
				91DB19C71E99F63800736DC3 /* Debug */,
				91DB19C81E99F63800736DC3 /* Release */,
			);
			defaultConfigurationIsVisible = 0;
			defaultConfigurationName = Release;
		};
/* End XCConfigurationList section */
	};
	rootObject = 91DB19AC1E99F63800736DC3 /* Project object */;
}
